
Microsoft Visual Studio Solution File, Format Version 12.00
# Visual Studio Version 16
VisualStudioVersion = 16.0.29709.97
MinimumVisualStudioVersion = 10.0.40219.1
Project("{9092AA53-FB77-4645-B42D-1CCCA6BD08BD}") = "RaidBot", "RaidBot\RaidBot.njsproj", "{47B6EA00-E9A9-423D-B1DE-E716C4332539}"
EndProject
Global
	GlobalSection(SolutionConfigurationPlatforms) = preSolution
		Debug|Any CPU = Debug|Any CPU
		Release|Any CPU = Release|Any CPU
	EndGlobalSection
	GlobalSection(ProjectConfigurationPlatforms) = postSolution
		{47B6EA00-E9A9-423D-B1DE-E716C4332539}.Debug|Any CPU.ActiveCfg = Debug|Any CPU
		{47B6EA00-E9A9-423D-B1DE-E716C4332539}.Debug|Any CPU.Build.0 = Debug|Any CPU
		{47B6EA00-E9A9-423D-B1DE-E716C4332539}.Release|Any CPU.ActiveCfg = Release|Any CPU
		{47B6EA00-E9A9-423D-B1DE-E716C4332539}.Release|Any CPU.Build.0 = Release|Any CPU
	EndGlobalSection
	GlobalSection(SolutionProperties) = preSolution
		HideSolutionNode = FALSE
	EndGlobalSection
	GlobalSection(ExtensibilityGlobals) = postSolution
		SolutionGuid = {6C1FCE85-FF4C-4A92-98FF-B36D0362DF22}
	EndGlobalSection
EndGlobal
